
Microsoft Visual Studio Solution File, Format Version 12.00
# Visual Studio Version 16
VisualStudioVersion = 16.0.30517.126
MinimumVisualStudioVersion = 10.0.40219.1
Project("{F14B399A-7131-4C87-9E4B-1186C45EF12D}") = "DataSets", "DataSets.rptproj", "{2F14523D-4392-44E9-96E8-B43BA42C754A}"
EndProject
Global
	GlobalSection(SolutionConfigurationPlatforms) = preSolution
		Debug|Default = Debug|Default
		DebugLocal|Default = DebugLocal|Default
		Release|Default = Release|Default
	EndGlobalSection
	GlobalSection(ProjectConfigurationPlatforms) = postSolution
		{2F14523D-4392-44E9-96E8-B43BA42C754A}.Debug|Default.ActiveCfg = Debug
		{2F14523D-4392-44E9-96E8-B43BA42C754A}.Debug|Default.Build.0 = Debug
		{2F14523D-4392-44E9-96E8-B43BA42C754A}.Debug|Default.Deploy.0 = Debug
		{2F14523D-4392-44E9-96E8-B43BA42C754A}.DebugLocal|Default.ActiveCfg = DebugLocal
		{2F14523D-4392-44E9-96E8-B43BA42C754A}.DebugLocal|Default.Build.0 = DebugLocal
		{2F14523D-4392-44E9-96E8-B43BA42C754A}.DebugLocal|Default.Deploy.0 = DebugLocal
		{2F14523D-4392-44E9-96E8-B43BA42C754A}.Release|Default.ActiveCfg = Release
		{2F14523D-4392-44E9-96E8-B43BA42C754A}.Release|Default.Build.0 = Release
		{2F14523D-4392-44E9-96E8-B43BA42C754A}.Release|Default.Deploy.0 = Release
	EndGlobalSection
	GlobalSection(SolutionProperties) = preSolution
		HideSolutionNode = FALSE
	EndGlobalSection
	GlobalSection(ExtensibilityGlobals) = postSolution
		SolutionGuid = {81673172-A140-4470-9D14-1216781B9A5A}
	EndGlobalSection
	GlobalSection(TeamFoundationVersionControl) = preSolution
		SccNumberOfProjects = 1
		SccEnterpriseProvider = {4CA58AB2-18FA-4F8D-95D4-32DDF27D184C}
		SccTeamFoundationServer = http://coope-tfs01:8080/softwarecollection
		SccProjectUniqueName0 = DataSets.rptproj
		SccProjectName0 = .
		SccAuxPath0 = http://coope-tfs01:8080/softwarecollection
		SccLocalPath0 = .
		SccProvider0 = {4CA58AB2-18FA-4F8D-95D4-32DDF27D184C}
	EndGlobalSection
EndGlobal
